
Microsoft Visual Studio Solution File, Format Version 12.00
# Visual Studio Version 17
VisualStudioVersion = 17.7.34202.233
MinimumVisualStudioVersion = 10.0.40219.1
Project("{FAE04EC0-301F-11D3-BF4B-00C04F79EFBC}") = "BankAccountManagementSystem", "BankAccountManagementSystem\BankAccountManagementSystem.csproj", "{10952BA5-BEBE-47E7-BEDA-E3EAAFA12DF6}"
EndProject
Global
	GlobalSection(SolutionConfigurationPlatforms) = preSolution
		Debug|Any CPU = Debug|Any CPU
		Release|Any CPU = Release|Any CPU
	EndGlobalSection
	GlobalSection(ProjectConfigurationPlatforms) = postSolution
		{10952BA5-BEBE-47E7-BEDA-E3EAAFA12DF6}.Debug|Any CPU.ActiveCfg = Debug|Any CPU
		{10952BA5-BEBE-47E7-BEDA-E3EAAFA12DF6}.Debug|Any CPU.Build.0 = Debug|Any CPU
		{10952BA5-BEBE-47E7-BEDA-E3EAAFA12DF6}.Release|Any CPU.ActiveCfg = Release|Any CPU
		{10952BA5-BEBE-47E7-BEDA-E3EAAFA12DF6}.Release|Any CPU.Build.0 = Release|Any CPU
	EndGlobalSection
	GlobalSection(SolutionProperties) = preSolution
		HideSolutionNode = FALSE
	EndGlobalSection
	GlobalSection(ExtensibilityGlobals) = postSolution
		SolutionGuid = {2759463A-D3ED-471F-B469-4B14C73010F3}
	EndGlobalSection
EndGlobal
