
Microsoft Visual Studio Solution File, Format Version 12.00
# Visual Studio Version 17
VisualStudioVersion = 17.7.34202.233
MinimumVisualStudioVersion = 10.0.40219.1
Project("{FAE04EC0-301F-11D3-BF4B-00C04F79EFBC}") = "SmartHomeManagementSystem", "SmartHomeManagementSystem\SmartHomeManagementSystem.csproj", "{99ACD924-1087-4193-AE19-3BEAB5D6EB20}"
EndProject
Global
	GlobalSection(SolutionConfigurationPlatforms) = preSolution
		Debug|Any CPU = Debug|Any CPU
		Release|Any CPU = Release|Any CPU
	EndGlobalSection
	GlobalSection(ProjectConfigurationPlatforms) = postSolution
		{99ACD924-1087-4193-AE19-3BEAB5D6EB20}.Debug|Any CPU.ActiveCfg = Debug|Any CPU
		{99ACD924-1087-4193-AE19-3BEAB5D6EB20}.Debug|Any CPU.Build.0 = Debug|Any CPU
		{99ACD924-1087-4193-AE19-3BEAB5D6EB20}.Release|Any CPU.ActiveCfg = Release|Any CPU
		{99ACD924-1087-4193-AE19-3BEAB5D6EB20}.Release|Any CPU.Build.0 = Release|Any CPU
	EndGlobalSection
	GlobalSection(SolutionProperties) = preSolution
		HideSolutionNode = FALSE
	EndGlobalSection
	GlobalSection(ExtensibilityGlobals) = postSolution
		SolutionGuid = {2F3C47C3-EC29-46B3-B425-E6FCD53C2794}
	EndGlobalSection
EndGlobal
